
Microsoft Visual Studio Solution File, Format Version 12.00
# Visual Studio Version 17
VisualStudioVersion = 17.8.34330.188
MinimumVisualStudioVersion = 10.0.40219.1
Project("{2150E333-8FDC-42A3-9474-1A3956D46DE8}") = "LeetCode", "LeetCode", "{339EF502-7BF2-40C3-8037-257E1B4ECF60}"
EndProject
Project("{FAE04EC0-301F-11D3-BF4B-00C04F79EFBC}") = "LeetCodeChallenges", "LeetCode\LeetCodeChallenges\LeetCodeChallenges.csproj", "{5E6323D2-4042-4B7F-8C6B-CDF6F5602E20}"
EndProject
Project("{FAE04EC0-301F-11D3-BF4B-00C04F79EFBC}") = "LeetCodeChallengesTests", "LeetCode\LeetCodeChallengesTests\LeetCodeChallengesTests.csproj", "{892DEE51-E7F9-4CE5-BFEA-F8DBABC95B40}"
EndProject
Project("{FAE04EC0-301F-11D3-BF4B-00C04F79EFBC}") = "LeetCodeSQLChallenges", "LeetCode\LeetCodeSQLChallenges\LeetCodeSQLChallenges.csproj", "{2510FF12-C40C-48CB-A997-8CE351FE0EA5}"
EndProject
Global
	GlobalSection(SolutionConfigurationPlatforms) = preSolution
		Debug|Any CPU = Debug|Any CPU
		Release|Any CPU = Release|Any CPU
	EndGlobalSection
	GlobalSection(ProjectConfigurationPlatforms) = postSolution
		{5E6323D2-4042-4B7F-8C6B-CDF6F5602E20}.Debug|Any CPU.ActiveCfg = Debug|Any CPU
		{5E6323D2-4042-4B7F-8C6B-CDF6F5602E20}.Debug|Any CPU.Build.0 = Debug|Any CPU
		{5E6323D2-4042-4B7F-8C6B-CDF6F5602E20}.Release|Any CPU.ActiveCfg = Release|Any CPU
		{5E6323D2-4042-4B7F-8C6B-CDF6F5602E20}.Release|Any CPU.Build.0 = Release|Any CPU
		{892DEE51-E7F9-4CE5-BFEA-F8DBABC95B40}.Debug|Any CPU.ActiveCfg = Debug|Any CPU
		{892DEE51-E7F9-4CE5-BFEA-F8DBABC95B40}.Debug|Any CPU.Build.0 = Debug|Any CPU
		{892DEE51-E7F9-4CE5-BFEA-F8DBABC95B40}.Release|Any CPU.ActiveCfg = Release|Any CPU
		{892DEE51-E7F9-4CE5-BFEA-F8DBABC95B40}.Release|Any CPU.Build.0 = Release|Any CPU
		{2510FF12-C40C-48CB-A997-8CE351FE0EA5}.Debug|Any CPU.ActiveCfg = Debug|Any CPU
		{2510FF12-C40C-48CB-A997-8CE351FE0EA5}.Debug|Any CPU.Build.0 = Debug|Any CPU
		{2510FF12-C40C-48CB-A997-8CE351FE0EA5}.Release|Any CPU.ActiveCfg = Release|Any CPU
		{2510FF12-C40C-48CB-A997-8CE351FE0EA5}.Release|Any CPU.Build.0 = Release|Any CPU
	EndGlobalSection
	GlobalSection(SolutionProperties) = preSolution
		HideSolutionNode = FALSE
	EndGlobalSection
	GlobalSection(NestedProjects) = preSolution
		{5E6323D2-4042-4B7F-8C6B-CDF6F5602E20} = {339EF502-7BF2-40C3-8037-257E1B4ECF60}
		{892DEE51-E7F9-4CE5-BFEA-F8DBABC95B40} = {339EF502-7BF2-40C3-8037-257E1B4ECF60}
		{2510FF12-C40C-48CB-A997-8CE351FE0EA5} = {339EF502-7BF2-40C3-8037-257E1B4ECF60}
	EndGlobalSection
	GlobalSection(ExtensibilityGlobals) = postSolution
		SolutionGuid = {7EAC4241-6B7C-4705-ACBE-45246904210E}
	EndGlobalSection
EndGlobal
